
Microsoft Visual Studio Solution File, Format Version 12.00
# Visual Studio Version 17
VisualStudioVersion = 17.5.33530.505
MinimumVisualStudioVersion = 10.0.40219.1
Project("{9A19103F-16F7-4668-BE54-9A1E7A4F7556}") = "Dataverse.EventHubTriggers.Isolated", "Dataverse.EventHubTriggers.Isolated\Dataverse.EventHubTriggers.Isolated.csproj", "{9A1D9073-61CD-4C7F-956B-C64645F04630}"
EndProject
Project("{9A19103F-16F7-4668-BE54-9A1E7A4F7556}") = "Dataverse.ServiceBusTrigger.Isolated", "Dataverse.ServiceBusTrigger.Isolated\Dataverse.ServiceBusTrigger.Isolated.csproj", "{1FD54BD3-847A-4111-8616-4A5F8F828EE6}"
EndProject
Project("{9A19103F-16F7-4668-BE54-9A1E7A4F7556}") = "Dataverse.FillServiceBus", "Dataverse.FillServiceBus\Dataverse.FillServiceBus.csproj", "{2B1DB565-57D8-441F-83FC-5F55F39F364C}"
EndProject
Project("{9A19103F-16F7-4668-BE54-9A1E7A4F7556}") = "Dataverse.KafkaTrigger.Isolated", "Dataverse.KafkaTrigger.Isolated\Dataverse.KafkaTrigger.Isolated.csproj", "{FD028381-88A0-454E-BCC3-C2672B0AFAB3}"
EndProject
Project("{9A19103F-16F7-4668-BE54-9A1E7A4F7556}") = "Dataverse.FillEventHub", "Dataverse.FillEventHub\Dataverse.FillEventHub.csproj", "{C9F8D3BF-EEAE-4705-85A9-3FFEEC1D8A3B}"
EndProject
Project("{FAE04EC0-301F-11D3-BF4B-00C04F79EFBC}") = "SalesForce.EventHubTrigger.Isolated", "SalesForce.EventHubTrigger.Isolated\SalesForce.EventHubTrigger.Isolated.csproj", "{4BF3E9C8-1CA1-4292-923E-2B583C008B90}"
EndProject
Global
	GlobalSection(SolutionConfigurationPlatforms) = preSolution
		Debug|Any CPU = Debug|Any CPU
		Release|Any CPU = Release|Any CPU
	EndGlobalSection
	GlobalSection(ProjectConfigurationPlatforms) = postSolution
		{9A1D9073-61CD-4C7F-956B-C64645F04630}.Debug|Any CPU.ActiveCfg = Debug|Any CPU
		{9A1D9073-61CD-4C7F-956B-C64645F04630}.Debug|Any CPU.Build.0 = Debug|Any CPU
		{9A1D9073-61CD-4C7F-956B-C64645F04630}.Release|Any CPU.ActiveCfg = Release|Any CPU
		{9A1D9073-61CD-4C7F-956B-C64645F04630}.Release|Any CPU.Build.0 = Release|Any CPU
		{1FD54BD3-847A-4111-8616-4A5F8F828EE6}.Debug|Any CPU.ActiveCfg = Debug|Any CPU
		{1FD54BD3-847A-4111-8616-4A5F8F828EE6}.Debug|Any CPU.Build.0 = Debug|Any CPU
		{1FD54BD3-847A-4111-8616-4A5F8F828EE6}.Release|Any CPU.ActiveCfg = Release|Any CPU
		{1FD54BD3-847A-4111-8616-4A5F8F828EE6}.Release|Any CPU.Build.0 = Release|Any CPU
		{2B1DB565-57D8-441F-83FC-5F55F39F364C}.Debug|Any CPU.ActiveCfg = Debug|Any CPU
		{2B1DB565-57D8-441F-83FC-5F55F39F364C}.Debug|Any CPU.Build.0 = Debug|Any CPU
		{2B1DB565-57D8-441F-83FC-5F55F39F364C}.Release|Any CPU.ActiveCfg = Release|Any CPU
		{2B1DB565-57D8-441F-83FC-5F55F39F364C}.Release|Any CPU.Build.0 = Release|Any CPU
		{FD028381-88A0-454E-BCC3-C2672B0AFAB3}.Debug|Any CPU.ActiveCfg = Debug|Any CPU
		{FD028381-88A0-454E-BCC3-C2672B0AFAB3}.Debug|Any CPU.Build.0 = Debug|Any CPU
		{FD028381-88A0-454E-BCC3-C2672B0AFAB3}.Release|Any CPU.ActiveCfg = Release|Any CPU
		{FD028381-88A0-454E-BCC3-C2672B0AFAB3}.Release|Any CPU.Build.0 = Release|Any CPU
		{C9F8D3BF-EEAE-4705-85A9-3FFEEC1D8A3B}.Debug|Any CPU.ActiveCfg = Debug|Any CPU
		{C9F8D3BF-EEAE-4705-85A9-3FFEEC1D8A3B}.Debug|Any CPU.Build.0 = Debug|Any CPU
		{C9F8D3BF-EEAE-4705-85A9-3FFEEC1D8A3B}.Release|Any CPU.ActiveCfg = Release|Any CPU
		{C9F8D3BF-EEAE-4705-85A9-3FFEEC1D8A3B}.Release|Any CPU.Build.0 = Release|Any CPU
		{4BF3E9C8-1CA1-4292-923E-2B583C008B90}.Debug|Any CPU.ActiveCfg = Debug|Any CPU
		{4BF3E9C8-1CA1-4292-923E-2B583C008B90}.Debug|Any CPU.Build.0 = Debug|Any CPU
		{4BF3E9C8-1CA1-4292-923E-2B583C008B90}.Release|Any CPU.ActiveCfg = Release|Any CPU
		{4BF3E9C8-1CA1-4292-923E-2B583C008B90}.Release|Any CPU.Build.0 = Release|Any CPU
	EndGlobalSection
	GlobalSection(SolutionProperties) = preSolution
		HideSolutionNode = FALSE
	EndGlobalSection
	GlobalSection(ExtensibilityGlobals) = postSolution
		SolutionGuid = {B8C2BF45-A24C-4E64-BE4E-D7730E974B5B}
	EndGlobalSection
EndGlobal
